
Microsoft Visual Studio Solution File, Format Version 12.00
# Visual Studio Version 16
VisualStudioVersion = 16.0.31702.278
MinimumVisualStudioVersion = 10.0.40219.1
Project("{9A19103F-16F7-4668-BE54-9A1E7A4F7556}") = "DemoInteraktiva", "DemoInteraktiva\DemoInteraktiva.csproj", "{FB436215-F926-419C-BDCE-949E1FC6E3F2}"
EndProject
Project("{FAE04EC0-301F-11D3-BF4B-00C04F79EFBC}") = "Solid", "Solid\Solid.csproj", "{D7916406-8419-4009-972C-DA80324C5BEF}"
EndProject
Global
	GlobalSection(SolutionConfigurationPlatforms) = preSolution
		Debug|Any CPU = Debug|Any CPU
		Release|Any CPU = Release|Any CPU
	EndGlobalSection
	GlobalSection(ProjectConfigurationPlatforms) = postSolution
		{FB436215-F926-419C-BDCE-949E1FC6E3F2}.Debug|Any CPU.ActiveCfg = Debug|Any CPU
		{FB436215-F926-419C-BDCE-949E1FC6E3F2}.Debug|Any CPU.Build.0 = Debug|Any CPU
		{FB436215-F926-419C-BDCE-949E1FC6E3F2}.Release|Any CPU.ActiveCfg = Release|Any CPU
		{FB436215-F926-419C-BDCE-949E1FC6E3F2}.Release|Any CPU.Build.0 = Release|Any CPU
		{D7916406-8419-4009-972C-DA80324C5BEF}.Debug|Any CPU.ActiveCfg = Debug|Any CPU
		{D7916406-8419-4009-972C-DA80324C5BEF}.Debug|Any CPU.Build.0 = Debug|Any CPU
		{D7916406-8419-4009-972C-DA80324C5BEF}.Release|Any CPU.ActiveCfg = Release|Any CPU
		{D7916406-8419-4009-972C-DA80324C5BEF}.Release|Any CPU.Build.0 = Release|Any CPU
	EndGlobalSection
	GlobalSection(SolutionProperties) = preSolution
		HideSolutionNode = FALSE
	EndGlobalSection
	GlobalSection(ExtensibilityGlobals) = postSolution
		SolutionGuid = {D1B15E3D-636E-48EF-9D43-90EDC3145237}
	EndGlobalSection
EndGlobal
